PODS:
  - Flutter (1.0.0)
  - flutter_photo_library (0.0.1):
    - Flutter
  - integration_test (0.0.1):
    - Flutter
  - video_player_avfoundation (0.0.1):
    - Flutter
    - FlutterMacOS

DEPENDENCIES:
  - Flutter (from `Flutter`)
  - flutter_photo_library (from `.symlinks/plugins/flutter_photo_library/ios`)
  - integration_test (from `.symlinks/plugins/integration_test/ios`)
  - video_player_avfoundation (from `.symlinks/plugins/video_player_avfoundation/darwin`)

EXTERNAL SOURCES:
  Flutter:
    :path: Flutter
  flutter_photo_library:
    :path: ".symlinks/plugins/flutter_photo_library/ios"
  integration_test:
    :path: ".symlinks/plugins/integration_test/ios"
  video_player_avfoundation:
    :path: ".symlinks/plugins/video_player_avfoundation/darwin"

SPEC CHECKSUMS:
  Flutter: cabc95a1d2626b1b06e7179b784ebcf0c0cde467
  flutter_photo_library: f0792a4b903a87e284232c62a41aa3f8d4ba9d7b
  integration_test: 4a889634ef21a45d28d50d622cf412dc6d9f586e
  video_player_avfoundation: 3453f792138786248960ca029747fcd9f318ef52

PODFILE CHECKSUM: 251cb053df7158f337c0712f2ab29f4e0fa474ce

COCOAPODS: 1.16.2
